
Microsoft Visual Studio Solution File, Format Version 12.00
# Visual Studio Version 16
VisualStudioVersion = 16.0.32228.343
MinimumVisualStudioVersion = 10.0.40219.1
Project("{FAE04EC0-301F-11D3-BF4B-00C04F79EFBC}") = "BookBank", "BookBank\BookBank.csproj", "{D47964C8-5B53-48AC-8281-B28BF71B105A}"
EndProject
Project("{FAE04EC0-301F-11D3-BF4B-00C04F79EFBC}") = "DataAccessLayer_BookBank", "DataAccessLayer_BookBank\DataAccessLayer_BookBank.csproj", "{212B1AA7-A59F-4982-8DFC-8E6038199862}"
EndProject
Global
	GlobalSection(SolutionConfigurationPlatforms) = preSolution
		Debug|Any CPU = Debug|Any CPU
		Release|Any CPU = Release|Any CPU
	EndGlobalSection
	GlobalSection(ProjectConfigurationPlatforms) = postSolution
		{D47964C8-5B53-48AC-8281-B28BF71B105A}.Debug|Any CPU.ActiveCfg = Debug|Any CPU
		{D47964C8-5B53-48AC-8281-B28BF71B105A}.Debug|Any CPU.Build.0 = Debug|Any CPU
		{D47964C8-5B53-48AC-8281-B28BF71B105A}.Release|Any CPU.ActiveCfg = Release|Any CPU
		{D47964C8-5B53-48AC-8281-B28BF71B105A}.Release|Any CPU.Build.0 = Release|Any CPU
		{212B1AA7-A59F-4982-8DFC-8E6038199862}.Debug|Any CPU.ActiveCfg = Debug|Any CPU
		{212B1AA7-A59F-4982-8DFC-8E6038199862}.Debug|Any CPU.Build.0 = Debug|Any CPU
		{212B1AA7-A59F-4982-8DFC-8E6038199862}.Release|Any CPU.ActiveCfg = Release|Any CPU
		{212B1AA7-A59F-4982-8DFC-8E6038199862}.Release|Any CPU.Build.0 = Release|Any CPU
	EndGlobalSection
	GlobalSection(SolutionProperties) = preSolution
		HideSolutionNode = FALSE
	EndGlobalSection
	GlobalSection(ExtensibilityGlobals) = postSolution
		SolutionGuid = {CD289003-C103-48AF-8487-192E435E6C6A}
	EndGlobalSection
EndGlobal
